PODS:
  - Capacitor (5.5.1):
    - CapacitorCordova
  - CapacitorApp (5.0.6):
    - Capacitor
  - CapacitorAppLauncher (5.0.6):
    - Capacitor
  - CapacitorBrowser (5.0.6):
    - Capacitor
  - CapacitorCordova (5.5.1)
  - CapacitorFilesystem (5.1.1):
    - Capacitor
  - CapacitorHaptics (5.0.6):
    - Capacitor
  - CapacitorLocalNotifications (5.0.6):
    - Capacitor
  - CapacitorShare (5.0.6):
    - Capacitor
  - CapacitorToast (5.0.6):
    - Capacitor

DEPENDENCIES:
  - "Capacitor (from `../../node_modules/@capacitor/ios`)"
  - "CapacitorApp (from `../../node_modules/@capacitor/app`)"
  - "CapacitorAppLauncher (from `../../node_modules/@capacitor/app-launcher`)"
  - "CapacitorBrowser (from `../../node_modules/@capacitor/browser`)"
  - "CapacitorCordova (from `../../node_modules/@capacitor/ios`)"
  - "CapacitorFilesystem (from `../../node_modules/@capacitor/filesystem`)"
  - "CapacitorHaptics (from `../../node_modules/@capacitor/haptics`)"
  - "CapacitorLocalNotifications (from `../../node_modules/@capacitor/local-notifications`)"
  - "CapacitorShare (from `../../node_modules/@capacitor/share`)"
  - "CapacitorToast (from `../../node_modules/@capacitor/toast`)"

EXTERNAL SOURCES:
  Capacitor:
    :path: "../../node_modules/@capacitor/ios"
  CapacitorApp:
    :path: "../../node_modules/@capacitor/app"
  CapacitorAppLauncher:
    :path: "../../node_modules/@capacitor/app-launcher"
  CapacitorBrowser:
    :path: "../../node_modules/@capacitor/browser"
  CapacitorCordova:
    :path: "../../node_modules/@capacitor/ios"
  CapacitorFilesystem:
    :path: "../../node_modules/@capacitor/filesystem"
  CapacitorHaptics:
    :path: "../../node_modules/@capacitor/haptics"
  CapacitorLocalNotifications:
    :path: "../../node_modules/@capacitor/local-notifications"
  CapacitorShare:
    :path: "../../node_modules/@capacitor/share"
  CapacitorToast:
    :path: "../../node_modules/@capacitor/toast"

SPEC CHECKSUMS:
  Capacitor: 9da0a2415e3b6098511f8b5ffdb578d91ee79f8f
  CapacitorApp: 024e1b1bea5f883d79f6330d309bc441c88ad04a
  CapacitorAppLauncher: 5a9f06c13c6b4f5d65b550a07128ef04f3a216b3
  CapacitorBrowser: 6192948e0ce804fd72aaf77f4114a3ad2e08c760
  CapacitorCordova: e128cc7688c070ca0bfa439898a5f609da8dbcfe
  CapacitorFilesystem: 38e85e56818420bed3f0aa1b77128f503a960821
  CapacitorHaptics: 1fffc1217c7e64a472d7845be50fb0c2f7d4204c
  CapacitorLocalNotifications: c2d8b14794064fd4814b1d6c4ddbac8029afa295
  CapacitorShare: cd41743331cb71d217c029de54b681cbd91e0fcc
  CapacitorToast: bb0d79b78d9c27c0199b57f735dd50b8fc363489

PODFILE CHECKSUM: c2406e756de7e18e4dfbd2b43c13c8aea1ba83cc

COCOAPODS: 1.14.2
